{
    "_meta": {
        "hash": {
            "sha256": "e41bd90ddba6f18696940556c1b05ddb9e3da0ca56c5d4c7016561495a8732a8"
        },
        "pipfile-spec": 6,
        "requires": {
            "python_version": "3.7"
        },
        "sources": [
            {
                "name": "pypi",
                "url": "https://pypi.org/simple",
                "verify_ssl": true
            }
        ]
    },
    "default": {
        "django-tinymce": {
            "hashes": [
                "sha256:6f4f6227c2c608052081a436a1e3054c441caae24c9e0c8c3010536e24749e29",
                "sha256:da5732413f51cf854352e3148f06f170b59d95a6c6a43fd9f7ccfdd1849f4bf9"
            ],
            "index": "pypi",
            "version": "==3.6.1"
        }
    },
    "develop": {}
}
